{
  "name": "html-css-wrapper",
  "version": "1.0.0",
  "lockfileVersion": 3,
  "requires": true,
  "packages": {
    "": {
      "name": "html-css-wrapper",
      "version": "1.0.0",
      "license": "MIT",
      "dependencies": {
        "html-css-wrapper": "^1.0.0"
      }
    },
    "node_modules/html-css-wrapper": {
      "version": "1.0.0",
      "resolved": "https://registry.npmjs.org/html-css-wrapper/-/html-css-wrapper-1.0.0.tgz",
      "integrity": "sha512-sRfXBP07L7JTiFgAaIkqmHcAl6k2bn5NajAE6cJVxWflHhdP680+V4tSQrG/E+IWlJHvcqKvmtjnF55wyMN4Yw=="
    }
  }
}
